
Microsoft Visual Studio Solution File, Format Version 12.00
# Visual Studio Version 16
VisualStudioVersion = 16.0.29411.108
MinimumVisualStudioVersion = 10.0.40219.1
Project("{9A19103F-16F7-4668-BE54-9A1E7A4F7556}") = "Swabbr.Api", "Swabbr.Api\Swabbr.Api.csproj", "{99CD1556-BB54-42EA-8AF6-349E7F2A380A}"
EndProject
Project("{9A19103F-16F7-4668-BE54-9A1E7A4F7556}") = "Swabbr.Core", "Swabbr.Core\Swabbr.Core.csproj", "{0E21AAC9-0605-4E56-A350-00992BEFD1BD}"
EndProject
Project("{9A19103F-16F7-4668-BE54-9A1E7A4F7556}") = "Swabbr.Infrastructure", "Swabbr.Infrastructure\Swabbr.Infrastructure.csproj", "{FF59DA9D-04E4-4E0F-9DF1-BAFB6C3B347A}"
EndProject
Project("{2150E333-8FDC-42A3-9474-1A3956D46DE8}") = "Solution Items", "Solution Items", "{1748CAA2-9F26-472E-A466-E29B98A416AA}"
	ProjectSection(SolutionItems) = preProject
		.editorconfig = .editorconfig
	EndProjectSection
EndProject
Project("{9A19103F-16F7-4668-BE54-9A1E7A4F7556}") = "Swabbr.Testing", "Swabbr.Testing\Swabbr.Testing.csproj", "{B095FF64-74A9-4EFF-B535-C2EE6F20A13E}"
EndProject
Project("{9A19103F-16F7-4668-BE54-9A1E7A4F7556}") = "Swabbr.Core.Tests", "Swabbr.Core.Tests\Swabbr.Core.Tests.csproj", "{75383CDF-AE03-4125-906B-AD811B2AD838}"
EndProject
Project("{9A19103F-16F7-4668-BE54-9A1E7A4F7556}") = "Swabbr.IntegrationTests", "Swabbr.IntegrationTests\Swabbr.IntegrationTests.csproj", "{8BB78D7E-5217-41BE-AD83-E6176D8058C9}"
EndProject
Project("{2150E333-8FDC-42A3-9474-1A3956D46DE8}") = "Testing", "Testing", "{BA638EAC-E3CF-4D80-8560-AFB62BDD6248}"
EndProject
Global
	GlobalSection(SolutionConfigurationPlatforms) = preSolution
		Debug|Any CPU = Debug|Any CPU
		Release|Any CPU = Release|Any CPU
	EndGlobalSection
	GlobalSection(ProjectConfigurationPlatforms) = postSolution
		{99CD1556-BB54-42EA-8AF6-349E7F2A380A}.Debug|Any CPU.ActiveCfg = Debug|Any CPU
		{99CD1556-BB54-42EA-8AF6-349E7F2A380A}.Debug|Any CPU.Build.0 = Debug|Any CPU
		{99CD1556-BB54-42EA-8AF6-349E7F2A380A}.Release|Any CPU.ActiveCfg = Release|Any CPU
		{99CD1556-BB54-42EA-8AF6-349E7F2A380A}.Release|Any CPU.Build.0 = Release|Any CPU
		{0E21AAC9-0605-4E56-A350-00992BEFD1BD}.Debug|Any CPU.ActiveCfg = Debug|Any CPU
		{0E21AAC9-0605-4E56-A350-00992BEFD1BD}.Debug|Any CPU.Build.0 = Debug|Any CPU
		{0E21AAC9-0605-4E56-A350-00992BEFD1BD}.Release|Any CPU.ActiveCfg = Release|Any CPU
		{0E21AAC9-0605-4E56-A350-00992BEFD1BD}.Release|Any CPU.Build.0 = Release|Any CPU
		{FF59DA9D-04E4-4E0F-9DF1-BAFB6C3B347A}.Debug|Any CPU.ActiveCfg = Debug|Any CPU
		{FF59DA9D-04E4-4E0F-9DF1-BAFB6C3B347A}.Debug|Any CPU.Build.0 = Debug|Any CPU
		{FF59DA9D-04E4-4E0F-9DF1-BAFB6C3B347A}.Release|Any CPU.ActiveCfg = Release|Any CPU
		{FF59DA9D-04E4-4E0F-9DF1-BAFB6C3B347A}.Release|Any CPU.Build.0 = Release|Any CPU
		{B095FF64-74A9-4EFF-B535-C2EE6F20A13E}.Debug|Any CPU.ActiveCfg = Debug|Any CPU
		{B095FF64-74A9-4EFF-B535-C2EE6F20A13E}.Debug|Any CPU.Build.0 = Debug|Any CPU
		{B095FF64-74A9-4EFF-B535-C2EE6F20A13E}.Release|Any CPU.ActiveCfg = Release|Any CPU
		{B095FF64-74A9-4EFF-B535-C2EE6F20A13E}.Release|Any CPU.Build.0 = Release|Any CPU
		{75383CDF-AE03-4125-906B-AD811B2AD838}.Debug|Any CPU.ActiveCfg = Debug|Any CPU
		{75383CDF-AE03-4125-906B-AD811B2AD838}.Debug|Any CPU.Build.0 = Debug|Any CPU
		{75383CDF-AE03-4125-906B-AD811B2AD838}.Release|Any CPU.ActiveCfg = Release|Any CPU
		{75383CDF-AE03-4125-906B-AD811B2AD838}.Release|Any CPU.Build.0 = Release|Any CPU
		{8BB78D7E-5217-41BE-AD83-E6176D8058C9}.Debug|Any CPU.ActiveCfg = Debug|Any CPU
		{8BB78D7E-5217-41BE-AD83-E6176D8058C9}.Debug|Any CPU.Build.0 = Debug|Any CPU
		{8BB78D7E-5217-41BE-AD83-E6176D8058C9}.Release|Any CPU.ActiveCfg = Release|Any CPU
		{8BB78D7E-5217-41BE-AD83-E6176D8058C9}.Release|Any CPU.Build.0 = Release|Any CPU
	EndGlobalSection
	GlobalSection(SolutionProperties) = preSolution
		HideSolutionNode = FALSE
	EndGlobalSection
	GlobalSection(NestedProjects) = preSolution
		{B095FF64-74A9-4EFF-B535-C2EE6F20A13E} = {BA638EAC-E3CF-4D80-8560-AFB62BDD6248}
		{75383CDF-AE03-4125-906B-AD811B2AD838} = {BA638EAC-E3CF-4D80-8560-AFB62BDD6248}
		{8BB78D7E-5217-41BE-AD83-E6176D8058C9} = {BA638EAC-E3CF-4D80-8560-AFB62BDD6248}
	EndGlobalSection
	GlobalSection(ExtensibilityGlobals) = postSolution
		SolutionGuid = {169ABBA8-12AA-4FE6-8AC8-9FD113C22882}
	EndGlobalSection
EndGlobal
