
Microsoft Visual Studio Solution File, Format Version 12.00
# Visual Studio Version 16
VisualStudioVersion = 16.0.29411.108
MinimumVisualStudioVersion = 10.0.40219.1
Project("{9A19103F-16F7-4668-BE54-9A1E7A4F7556}") = "Swabbr.Api", "Swabbr.Api\Swabbr.Api.csproj", "{99CD1556-BB54-42EA-8AF6-349E7F2A380A}"
EndProject
Project("{9A19103F-16F7-4668-BE54-9A1E7A4F7556}") = "Swabbr.Core", "Swabbr.Core\Swabbr.Core.csproj", "{0E21AAC9-0605-4E56-A350-00992BEFD1BD}"
EndProject
Project("{9A19103F-16F7-4668-BE54-9A1E7A4F7556}") = "Swabbr.Infrastructure", "Swabbr.Infrastructure\Swabbr.Infrastructure.csproj", "{FF59DA9D-04E4-4E0F-9DF1-BAFB6C3B347A}"
EndProject
Project("{FAE04EC0-301F-11D3-BF4B-00C04F79EFBC}") = "WowzaStreamingCloud", "WowzaStreamingCloud\WowzaStreamingCloud.csproj", "{A33F2134-013A-43C2-8853-8DFB6A5E5ACA}"
EndProject
Global
	GlobalSection(SolutionConfigurationPlatforms) = preSolution
		Debug|Any CPU = Debug|Any CPU
		Release|Any CPU = Release|Any CPU
	EndGlobalSection
	GlobalSection(ProjectConfigurationPlatforms) = postSolution
		{99CD1556-BB54-42EA-8AF6-349E7F2A380A}.Debug|Any CPU.ActiveCfg = Debug|Any CPU
		{99CD1556-BB54-42EA-8AF6-349E7F2A380A}.Debug|Any CPU.Build.0 = Debug|Any CPU
		{99CD1556-BB54-42EA-8AF6-349E7F2A380A}.Release|Any CPU.ActiveCfg = Release|Any CPU
		{99CD1556-BB54-42EA-8AF6-349E7F2A380A}.Release|Any CPU.Build.0 = Release|Any CPU
		{0E21AAC9-0605-4E56-A350-00992BEFD1BD}.Debug|Any CPU.ActiveCfg = Debug|Any CPU
		{0E21AAC9-0605-4E56-A350-00992BEFD1BD}.Debug|Any CPU.Build.0 = Debug|Any CPU
		{0E21AAC9-0605-4E56-A350-00992BEFD1BD}.Release|Any CPU.ActiveCfg = Release|Any CPU
		{0E21AAC9-0605-4E56-A350-00992BEFD1BD}.Release|Any CPU.Build.0 = Release|Any CPU
		{FF59DA9D-04E4-4E0F-9DF1-BAFB6C3B347A}.Debug|Any CPU.ActiveCfg = Debug|Any CPU
		{FF59DA9D-04E4-4E0F-9DF1-BAFB6C3B347A}.Debug|Any CPU.Build.0 = Debug|Any CPU
		{FF59DA9D-04E4-4E0F-9DF1-BAFB6C3B347A}.Release|Any CPU.ActiveCfg = Release|Any CPU
		{FF59DA9D-04E4-4E0F-9DF1-BAFB6C3B347A}.Release|Any CPU.Build.0 = Release|Any CPU
		{A33F2134-013A-43C2-8853-8DFB6A5E5ACA}.Debug|Any CPU.ActiveCfg = Debug|Any CPU
		{A33F2134-013A-43C2-8853-8DFB6A5E5ACA}.Debug|Any CPU.Build.0 = Debug|Any CPU
		{A33F2134-013A-43C2-8853-8DFB6A5E5ACA}.Release|Any CPU.ActiveCfg = Release|Any CPU
		{A33F2134-013A-43C2-8853-8DFB6A5E5ACA}.Release|Any CPU.Build.0 = Release|Any CPU
	EndGlobalSection
	GlobalSection(SolutionProperties) = preSolution
		HideSolutionNode = FALSE
	EndGlobalSection
	GlobalSection(ExtensibilityGlobals) = postSolution
		SolutionGuid = {169ABBA8-12AA-4FE6-8AC8-9FD113C22882}
	EndGlobalSection
EndGlobal
